PODS:
  - Alamofire (4.5.1)
  - Weathersama (1.1.1):
    - Alamofire (~> 4.5)

DEPENDENCIES:
  - Weathersama (~> 1.1.1)

SPEC CHECKSUMS:
  Alamofire: 2d95912bf4c34f164fdfc335872e8c312acaea4a
  Weathersama: ff55ebe2e513d479d555afaeedf52da56690fa73

PODFILE CHECKSUM: 9b2c5df488ceecce11c708b9f0c3ac725dd41ff6

COCOAPODS: 1.1.1
