PODS:
  - Alamofire (4.5.1)
  - Weathersama (1.0):
    - Alamofire (~> 4.5)

DEPENDENCIES:
  - Weathersama (from `~/documents/icaksama/GIT/Weathersama/Weathersama`)

EXTERNAL SOURCES:
  Weathersama:
    :path: ~/documents/icaksama/GIT/Weathersama/Weathersama

SPEC CHECKSUMS:
  Alamofire: 2d95912bf4c34f164fdfc335872e8c312acaea4a
  Weathersama: fd691525fff73e6e0c03d6c97933db71cf5ff19d

PODFILE CHECKSUM: fc0364f61239e8923d038599ae65010bfd58625c

COCOAPODS: 1.1.1
